
Microsoft Visual Studio Solution File, Format Version 12.00
# Visual Studio Version 17
VisualStudioVersion = 17.10.34916.146
MinimumVisualStudioVersion = 10.0.40219.1
Project("{FAE04EC0-301F-11D3-BF4B-00C04F79EFBC}") = "QLLN", "QLLN\QLLN.csproj", "{A56E73EB-BF74-4FE7-9DB0-5A1CD938AAD7}"
EndProject
Global
	GlobalSection(SolutionConfigurationPlatforms) = preSolution
		Debug|Any CPU = Debug|Any CPU
		Release|Any CPU = Release|Any CPU
	EndGlobalSection
	GlobalSection(ProjectConfigurationPlatforms) = postSolution
		{A56E73EB-BF74-4FE7-9DB0-5A1CD938AAD7}.Debug|Any CPU.ActiveCfg = Debug|Any CPU
		{A56E73EB-BF74-4FE7-9DB0-5A1CD938AAD7}.Debug|Any CPU.Build.0 = Debug|Any CPU
		{A56E73EB-BF74-4FE7-9DB0-5A1CD938AAD7}.Release|Any CPU.ActiveCfg = Release|Any CPU
		{A56E73EB-BF74-4FE7-9DB0-5A1CD938AAD7}.Release|Any CPU.Build.0 = Release|Any CPU
	EndGlobalSection
	GlobalSection(SolutionProperties) = preSolution
		HideSolutionNode = FALSE
	EndGlobalSection
	GlobalSection(ExtensibilityGlobals) = postSolution
		SolutionGuid = {64DA8C62-FED4-4866-9F03-A0EB301A88E4}
	EndGlobalSection
EndGlobal
